<?xml version="1.0" encoding="UTF-8" standalone="yes" ?>
<CodeBlocks_project_file>
	<FileVersion major="1" minor="6" />
	<Project>
		<Option title="asm project" />
		<Option pch_mode="2" />
		<Option compiler="gcc" />
		<Build>
			<Target title="Debug">
				<Option output="bin/Debug/asm project" prefix_auto="1" extension_auto="1" />
				<Option object_output="obj/Debug/" />
				<Option type="1" />
				<Option compiler="gcc" />
				<Compiler>
					<Add option="-g" />
				</Compiler>
			</Target>
			<Target title="Release">
				<Option output="bin/Release/asm project" prefix_auto="1" extension_auto="1" />
				<Option object_output="obj/Release/" />
				<Option type="0" />
				<Option compiler="gcc" />
				<Compiler>
					<Add option="-O2" />
				</Compiler>
				<Linker>
					<Add option="-s" />
				</Linker>
			</Target>
		</Build>
		<Compiler>
			<Add option="-std=c++11" />
			<Add option="-Wall" />
		</Compiler>
		<Linker>
			<Add library="csfml-system" />
			<Add library="csfml-window" />
			<Add library="csfml-graphics" />
			<Add library="csfml-audio" />
		</Linker>
		<Unit filename="Array.asm">
			<Option compile="0" />
			<Option link="0" />
		</Unit>
		<Unit filename="Game.asm">
			<Option compile="0" />
			<Option link="0" />
		</Unit>
		<Unit filename="Perso.asm">
			<Option compile="0" />
			<Option link="0" />
		</Unit>
		<Unit filename="Vector2.asm">
			<Option compile="0" />
			<Option link="0" />
		</Unit>
		<Unit filename="define.asm">
			<Option compile="0" />
			<Option link="0" />
		</Unit>
		<Unit filename="helper.c">
			<Option compilerVar="CC" />
		</Unit>
		<Unit filename="main.asm">
			<Option compile="0" />
			<Option link="0" />
		</Unit>
		<Unit filename="main.c">
			<Option compilerVar="CC" />
		</Unit>
		<Unit filename="sfDefine.asm">
			<Option compile="0" />
			<Option link="0" />
		</Unit>
		<Unit filename="utility.asm">
			<Option compile="0" />
			<Option link="0" />
		</Unit>
		<Extensions>
			<envvars />
			<code_completion />
			<debugger />
			<lib_finder disable_auto="1" />
		</Extensions>
	</Project>
</CodeBlocks_project_file>
